
Microsoft Visual Studio Solution File, Format Version 12.00
# Visual Studio Version 16
VisualStudioVersion = 16.0.32802.440
MinimumVisualStudioVersion = 10.0.40219.1
Project("{FAE04EC0-301F-11D3-BF4B-00C04F79EFBC}") = "Laba7", "Laba7\Laba7.csproj", "{DDB859B8-53FC-4457-BDB6-66196D182A85}"
EndProject
Global
	GlobalSection(SolutionConfigurationPlatforms) = preSolution
		Debug|Any CPU = Debug|Any CPU
		Release|Any CPU = Release|Any CPU
	EndGlobalSection
	GlobalSection(ProjectConfigurationPlatforms) = postSolution
		{DDB859B8-53FC-4457-BDB6-66196D182A85}.Debug|Any CPU.ActiveCfg = Debug|Any CPU
		{DDB859B8-53FC-4457-BDB6-66196D182A85}.Debug|Any CPU.Build.0 = Debug|Any CPU
		{DDB859B8-53FC-4457-BDB6-66196D182A85}.Release|Any CPU.ActiveCfg = Release|Any CPU
		{DDB859B8-53FC-4457-BDB6-66196D182A85}.Release|Any CPU.Build.0 = Release|Any CPU
	EndGlobalSection
	GlobalSection(SolutionProperties) = preSolution
		HideSolutionNode = FALSE
	EndGlobalSection
	GlobalSection(ExtensibilityGlobals) = postSolution
		SolutionGuid = {588A0D16-6C2C-41D9-B43F-6FDD9A3892D3}
	EndGlobalSection
EndGlobal
