
Microsoft Visual Studio Solution File, Format Version 12.00
# Visual Studio Version 16
VisualStudioVersion = 16.0.32802.440
MinimumVisualStudioVersion = 10.0.40219.1
Project("{FAE04EC0-301F-11D3-BF4B-00C04F79EFBC}") = "Laba3", "Laba3\Laba3.csproj", "{A40E0DC8-0E09-4923-B861-0AB833730736}"
EndProject
Global
	GlobalSection(SolutionConfigurationPlatforms) = preSolution
		Debug|Any CPU = Debug|Any CPU
		Release|Any CPU = Release|Any CPU
	EndGlobalSection
	GlobalSection(ProjectConfigurationPlatforms) = postSolution
		{A40E0DC8-0E09-4923-B861-0AB833730736}.Debug|Any CPU.ActiveCfg = Debug|Any CPU
		{A40E0DC8-0E09-4923-B861-0AB833730736}.Debug|Any CPU.Build.0 = Debug|Any CPU
		{A40E0DC8-0E09-4923-B861-0AB833730736}.Release|Any CPU.ActiveCfg = Release|Any CPU
		{A40E0DC8-0E09-4923-B861-0AB833730736}.Release|Any CPU.Build.0 = Release|Any CPU
	EndGlobalSection
	GlobalSection(SolutionProperties) = preSolution
		HideSolutionNode = FALSE
	EndGlobalSection
	GlobalSection(ExtensibilityGlobals) = postSolution
		SolutionGuid = {9A13EDB6-3A77-4D7C-AC71-B0BEC8AACEC1}
	EndGlobalSection
EndGlobal
